Microsoft Visual Studio Solution File, Format Version 12.00
# Visual Studio 2012
Project("{FAE04EC0-301F-11D3-BF4B-00C04F79EFBC}") = "HeckleGolfSim", "HeckleGolfSim.csproj", "{EA4B6A13-10CB-427C-B30B-458C9B3AEAB0}"
EndProject
Global
	GlobalSection(SolutionConfigurationPlatforms) = preSolution
	Debug|Any CPU = Debug|Any CPU
	ExportDebug|Any CPU = ExportDebug|Any CPU
	ExportRelease|Any CPU = ExportRelease|Any CPU
	EndGlobalSection
	GlobalSection(ProjectConfigurationPlatforms) = postSolution
		{EA4B6A13-10CB-427C-B30B-458C9B3AEAB0}.Debug|Any CPU.ActiveCfg = Debug|Any CPU
		{EA4B6A13-10CB-427C-B30B-458C9B3AEAB0}.Debug|Any CPU.Build.0 = Debug|Any CPU
		{EA4B6A13-10CB-427C-B30B-458C9B3AEAB0}.ExportDebug|Any CPU.ActiveCfg = ExportDebug|Any CPU
		{EA4B6A13-10CB-427C-B30B-458C9B3AEAB0}.ExportDebug|Any CPU.Build.0 = ExportDebug|Any CPU
		{EA4B6A13-10CB-427C-B30B-458C9B3AEAB0}.ExportRelease|Any CPU.ActiveCfg = ExportRelease|Any CPU
		{EA4B6A13-10CB-427C-B30B-458C9B3AEAB0}.ExportRelease|Any CPU.Build.0 = ExportRelease|Any CPU
	EndGlobalSection
EndGlobal
